
Microsoft Visual Studio Solution File, Format Version 12.00
# Visual Studio Version 17
VisualStudioVersion = 17.14.36414.22
MinimumVisualStudioVersion = 10.0.40219.1
Project("{FAE04EC0-301F-11D3-BF4B-00C04F79EFBC}") = "WebAppMVC", "WebAppMVC.csproj", "{C6EEE668-A03F-4DCC-9141-9D116F62F17B}"
EndProject
Project("{FAE04EC0-301F-11D3-BF4B-00C04F79EFBC}") = "Student", "..\Student\Student.csproj", "{DC467B8C-9059-4624-8637-69F8024649CF}"
EndProject
Project("{FAE04EC0-301F-11D3-BF4B-00C04F79EFBC}") = "Attendance", "..\Attendace\Attendance.csproj", "{B8833FC3-F711-47E0-A74C-5721E402DF29}"
EndProject
Project("{FAE04EC0-301F-11D3-BF4B-00C04F79EFBC}") = "E-Commerce", "..\E-Commerce\E-Commerce.csproj", "{4187B7EF-9080-4819-A547-F43FC4942CB2}"
EndProject
Project("{FAE04EC0-301F-11D3-BF4B-00C04F79EFBC}") = "latihan-api", "..\latihan-api\latihan-api.csproj", "{BD182651-AC75-4D6A-B269-A8C0CF3FDAF0}"
EndProject
Project("{FAE04EC0-301F-11D3-BF4B-00C04F79EFBC}") = "BlazorClientApp", "..\BlazorClientApp\BlazorClientApp.csproj", "{B370470C-629C-4338-85E1-BAFF96CABF58}"
EndProject
Global
	GlobalSection(SolutionConfigurationPlatforms) = preSolution
		Debug|Any CPU = Debug|Any CPU
		Release|Any CPU = Release|Any CPU
	EndGlobalSection
	GlobalSection(ProjectConfigurationPlatforms) = postSolution
		{C6EEE668-A03F-4DCC-9141-9D116F62F17B}.Debug|Any CPU.ActiveCfg = Debug|Any CPU
		{C6EEE668-A03F-4DCC-9141-9D116F62F17B}.Debug|Any CPU.Build.0 = Debug|Any CPU
		{C6EEE668-A03F-4DCC-9141-9D116F62F17B}.Release|Any CPU.ActiveCfg = Release|Any CPU
		{C6EEE668-A03F-4DCC-9141-9D116F62F17B}.Release|Any CPU.Build.0 = Release|Any CPU
		{DC467B8C-9059-4624-8637-69F8024649CF}.Debug|Any CPU.ActiveCfg = Debug|Any CPU
		{DC467B8C-9059-4624-8637-69F8024649CF}.Debug|Any CPU.Build.0 = Debug|Any CPU
		{DC467B8C-9059-4624-8637-69F8024649CF}.Release|Any CPU.ActiveCfg = Release|Any CPU
		{DC467B8C-9059-4624-8637-69F8024649CF}.Release|Any CPU.Build.0 = Release|Any CPU
		{B8833FC3-F711-47E0-A74C-5721E402DF29}.Debug|Any CPU.ActiveCfg = Debug|Any CPU
		{B8833FC3-F711-47E0-A74C-5721E402DF29}.Debug|Any CPU.Build.0 = Debug|Any CPU
		{B8833FC3-F711-47E0-A74C-5721E402DF29}.Release|Any CPU.ActiveCfg = Release|Any CPU
		{B8833FC3-F711-47E0-A74C-5721E402DF29}.Release|Any CPU.Build.0 = Release|Any CPU
		{4187B7EF-9080-4819-A547-F43FC4942CB2}.Debug|Any CPU.ActiveCfg = Debug|Any CPU
		{4187B7EF-9080-4819-A547-F43FC4942CB2}.Debug|Any CPU.Build.0 = Debug|Any CPU
		{4187B7EF-9080-4819-A547-F43FC4942CB2}.Release|Any CPU.ActiveCfg = Release|Any CPU
		{4187B7EF-9080-4819-A547-F43FC4942CB2}.Release|Any CPU.Build.0 = Release|Any CPU
		{BD182651-AC75-4D6A-B269-A8C0CF3FDAF0}.Debug|Any CPU.ActiveCfg = Debug|Any CPU
		{BD182651-AC75-4D6A-B269-A8C0CF3FDAF0}.Debug|Any CPU.Build.0 = Debug|Any CPU
		{BD182651-AC75-4D6A-B269-A8C0CF3FDAF0}.Release|Any CPU.ActiveCfg = Release|Any CPU
		{BD182651-AC75-4D6A-B269-A8C0CF3FDAF0}.Release|Any CPU.Build.0 = Release|Any CPU
		{B370470C-629C-4338-85E1-BAFF96CABF58}.Debug|Any CPU.ActiveCfg = Debug|Any CPU
		{B370470C-629C-4338-85E1-BAFF96CABF58}.Debug|Any CPU.Build.0 = Debug|Any CPU
		{B370470C-629C-4338-85E1-BAFF96CABF58}.Release|Any CPU.ActiveCfg = Release|Any CPU
		{B370470C-629C-4338-85E1-BAFF96CABF58}.Release|Any CPU.Build.0 = Release|Any CPU
	EndGlobalSection
	GlobalSection(SolutionProperties) = preSolution
		HideSolutionNode = FALSE
	EndGlobalSection
	GlobalSection(ExtensibilityGlobals) = postSolution
		SolutionGuid = {7C3D6048-FFDD-4203-9836-EB48E66786A6}
	EndGlobalSection
EndGlobal
